# This file is @generated by PDM.
# It is not intended for manual editing.

[metadata]
groups = ["default"]
strategy = ["inherit_metadata"]
lock_version = "4.5.0"
content_hash = "sha256:befb8dcbb7bc31cd00ad62723e95dcc21f353fb184734f835093d527cbbc5ee7"

[[metadata.targets]]
requires_python = ">=3.10.0"
